
Microsoft Visual Studio Solution File, Format Version 12.00
# Visual Studio 15
VisualStudioVersion = 15.0.26124.0
MinimumVisualStudioVersion = 15.0.26124.0
Project("{FAE04EC0-301F-11D3-BF4B-00C04F79EFBC}") = "SinglyLinkedList", "SinglyLinkedList\SinglyLinkedList.csproj", "{953AD304-DB2A-42AB-B4DF-AF793FA9C730}"
EndProject
Project("{FAE04EC0-301F-11D3-BF4B-00C04F79EFBC}") = "InsertAtHeadSinglyLinkedList", "InsertAtHeadSinglyLinkedList\InsertAtHeadSinglyLinkedList.csproj", "{07A61ACB-ACD9-437C-8231-20789BE79E7D}"
EndProject
Project("{FAE04EC0-301F-11D3-BF4B-00C04F79EFBC}") = "InsertAtEndSinglyLinkedList", "InsertAtEndSinglyLinkedList\InsertAtEndSinglyLinkedList.csproj", "{B4925596-E0A6-42B0-A494-2A736F817F1B}"
EndProject
Project("{FAE04EC0-301F-11D3-BF4B-00C04F79EFBC}") = "InsertNodeAtGivenPosition", "InsertNodeAtGivenPosition\InsertNodeAtGivenPosition.csproj", "{FF30DE5F-4B3B-474F-B5F3-848C283024DF}"
EndProject
Project("{FAE04EC0-301F-11D3-BF4B-00C04F79EFBC}") = "DeleteANodeSinglyLinkedList", "DeleteANodeSinglyLinkedList\DeleteANodeSinglyLinkedList.csproj", "{B04FF81C-EDF0-4D7D-BBAD-228A64904EEC}"
EndProject
Project("{FAE04EC0-301F-11D3-BF4B-00C04F79EFBC}") = "PrintInReverseSinglyLinkedList", "PrintInReverseSinglyLinkedList\PrintInReverseSinglyLinkedList.csproj", "{C920AD0A-B17D-4F71-A650-39B9A13697C9}"
EndProject
Global
	GlobalSection(SolutionConfigurationPlatforms) = preSolution
		Debug|Any CPU = Debug|Any CPU
		Debug|x64 = Debug|x64
		Debug|x86 = Debug|x86
		Release|Any CPU = Release|Any CPU
		Release|x64 = Release|x64
		Release|x86 = Release|x86
	EndGlobalSection
	GlobalSection(SolutionProperties) = preSolution
		HideSolutionNode = FALSE
	EndGlobalSection
	GlobalSection(ProjectConfigurationPlatforms) = postSolution
		{953AD304-DB2A-42AB-B4DF-AF793FA9C730}.Debug|Any CPU.ActiveCfg = Debug|Any CPU
		{953AD304-DB2A-42AB-B4DF-AF793FA9C730}.Debug|Any CPU.Build.0 = Debug|Any CPU
		{953AD304-DB2A-42AB-B4DF-AF793FA9C730}.Debug|x64.ActiveCfg = Debug|Any CPU
		{953AD304-DB2A-42AB-B4DF-AF793FA9C730}.Debug|x64.Build.0 = Debug|Any CPU
		{953AD304-DB2A-42AB-B4DF-AF793FA9C730}.Debug|x86.ActiveCfg = Debug|Any CPU
		{953AD304-DB2A-42AB-B4DF-AF793FA9C730}.Debug|x86.Build.0 = Debug|Any CPU
		{953AD304-DB2A-42AB-B4DF-AF793FA9C730}.Release|Any CPU.ActiveCfg = Release|Any CPU
		{953AD304-DB2A-42AB-B4DF-AF793FA9C730}.Release|Any CPU.Build.0 = Release|Any CPU
		{953AD304-DB2A-42AB-B4DF-AF793FA9C730}.Release|x64.ActiveCfg = Release|Any CPU
		{953AD304-DB2A-42AB-B4DF-AF793FA9C730}.Release|x64.Build.0 = Release|Any CPU
		{953AD304-DB2A-42AB-B4DF-AF793FA9C730}.Release|x86.ActiveCfg = Release|Any CPU
		{953AD304-DB2A-42AB-B4DF-AF793FA9C730}.Release|x86.Build.0 = Release|Any CPU
		{07A61ACB-ACD9-437C-8231-20789BE79E7D}.Debug|Any CPU.ActiveCfg = Debug|Any CPU
		{07A61ACB-ACD9-437C-8231-20789BE79E7D}.Debug|Any CPU.Build.0 = Debug|Any CPU
		{07A61ACB-ACD9-437C-8231-20789BE79E7D}.Debug|x64.ActiveCfg = Debug|Any CPU
		{07A61ACB-ACD9-437C-8231-20789BE79E7D}.Debug|x64.Build.0 = Debug|Any CPU
		{07A61ACB-ACD9-437C-8231-20789BE79E7D}.Debug|x86.ActiveCfg = Debug|Any CPU
		{07A61ACB-ACD9-437C-8231-20789BE79E7D}.Debug|x86.Build.0 = Debug|Any CPU
		{07A61ACB-ACD9-437C-8231-20789BE79E7D}.Release|Any CPU.ActiveCfg = Release|Any CPU
		{07A61ACB-ACD9-437C-8231-20789BE79E7D}.Release|Any CPU.Build.0 = Release|Any CPU
		{07A61ACB-ACD9-437C-8231-20789BE79E7D}.Release|x64.ActiveCfg = Release|Any CPU
		{07A61ACB-ACD9-437C-8231-20789BE79E7D}.Release|x64.Build.0 = Release|Any CPU
		{07A61ACB-ACD9-437C-8231-20789BE79E7D}.Release|x86.ActiveCfg = Release|Any CPU
		{07A61ACB-ACD9-437C-8231-20789BE79E7D}.Release|x86.Build.0 = Release|Any CPU
		{B4925596-E0A6-42B0-A494-2A736F817F1B}.Debug|Any CPU.ActiveCfg = Debug|Any CPU
		{B4925596-E0A6-42B0-A494-2A736F817F1B}.Debug|Any CPU.Build.0 = Debug|Any CPU
		{B4925596-E0A6-42B0-A494-2A736F817F1B}.Debug|x64.ActiveCfg = Debug|Any CPU
		{B4925596-E0A6-42B0-A494-2A736F817F1B}.Debug|x64.Build.0 = Debug|Any CPU
		{B4925596-E0A6-42B0-A494-2A736F817F1B}.Debug|x86.ActiveCfg = Debug|Any CPU
		{B4925596-E0A6-42B0-A494-2A736F817F1B}.Debug|x86.Build.0 = Debug|Any CPU
		{B4925596-E0A6-42B0-A494-2A736F817F1B}.Release|Any CPU.ActiveCfg = Release|Any CPU
		{B4925596-E0A6-42B0-A494-2A736F817F1B}.Release|Any CPU.Build.0 = Release|Any CPU
		{B4925596-E0A6-42B0-A494-2A736F817F1B}.Release|x64.ActiveCfg = Release|Any CPU
		{B4925596-E0A6-42B0-A494-2A736F817F1B}.Release|x64.Build.0 = Release|Any CPU
		{B4925596-E0A6-42B0-A494-2A736F817F1B}.Release|x86.ActiveCfg = Release|Any CPU
		{B4925596-E0A6-42B0-A494-2A736F817F1B}.Release|x86.Build.0 = Release|Any CPU
		{FF30DE5F-4B3B-474F-B5F3-848C283024DF}.Debug|Any CPU.ActiveCfg = Debug|Any CPU
		{FF30DE5F-4B3B-474F-B5F3-848C283024DF}.Debug|Any CPU.Build.0 = Debug|Any CPU
		{FF30DE5F-4B3B-474F-B5F3-848C283024DF}.Debug|x64.ActiveCfg = Debug|Any CPU
		{FF30DE5F-4B3B-474F-B5F3-848C283024DF}.Debug|x64.Build.0 = Debug|Any CPU
		{FF30DE5F-4B3B-474F-B5F3-848C283024DF}.Debug|x86.ActiveCfg = Debug|Any CPU
		{FF30DE5F-4B3B-474F-B5F3-848C283024DF}.Debug|x86.Build.0 = Debug|Any CPU
		{FF30DE5F-4B3B-474F-B5F3-848C283024DF}.Release|Any CPU.ActiveCfg = Release|Any CPU
		{FF30DE5F-4B3B-474F-B5F3-848C283024DF}.Release|Any CPU.Build.0 = Release|Any CPU
		{FF30DE5F-4B3B-474F-B5F3-848C283024DF}.Release|x64.ActiveCfg = Release|Any CPU
		{FF30DE5F-4B3B-474F-B5F3-848C283024DF}.Release|x64.Build.0 = Release|Any CPU
		{FF30DE5F-4B3B-474F-B5F3-848C283024DF}.Release|x86.ActiveCfg = Release|Any CPU
		{FF30DE5F-4B3B-474F-B5F3-848C283024DF}.Release|x86.Build.0 = Release|Any CPU
		{B04FF81C-EDF0-4D7D-BBAD-228A64904EEC}.Debug|Any CPU.ActiveCfg = Debug|Any CPU
		{B04FF81C-EDF0-4D7D-BBAD-228A64904EEC}.Debug|Any CPU.Build.0 = Debug|Any CPU
		{B04FF81C-EDF0-4D7D-BBAD-228A64904EEC}.Debug|x64.ActiveCfg = Debug|Any CPU
		{B04FF81C-EDF0-4D7D-BBAD-228A64904EEC}.Debug|x64.Build.0 = Debug|Any CPU
		{B04FF81C-EDF0-4D7D-BBAD-228A64904EEC}.Debug|x86.ActiveCfg = Debug|Any CPU
		{B04FF81C-EDF0-4D7D-BBAD-228A64904EEC}.Debug|x86.Build.0 = Debug|Any CPU
		{B04FF81C-EDF0-4D7D-BBAD-228A64904EEC}.Release|Any CPU.ActiveCfg = Release|Any CPU
		{B04FF81C-EDF0-4D7D-BBAD-228A64904EEC}.Release|Any CPU.Build.0 = Release|Any CPU
		{B04FF81C-EDF0-4D7D-BBAD-228A64904EEC}.Release|x64.ActiveCfg = Release|Any CPU
		{B04FF81C-EDF0-4D7D-BBAD-228A64904EEC}.Release|x64.Build.0 = Release|Any CPU
		{B04FF81C-EDF0-4D7D-BBAD-228A64904EEC}.Release|x86.ActiveCfg = Release|Any CPU
		{B04FF81C-EDF0-4D7D-BBAD-228A64904EEC}.Release|x86.Build.0 = Release|Any CPU
		{C920AD0A-B17D-4F71-A650-39B9A13697C9}.Debug|Any CPU.ActiveCfg = Debug|Any CPU
		{C920AD0A-B17D-4F71-A650-39B9A13697C9}.Debug|Any CPU.Build.0 = Debug|Any CPU
		{C920AD0A-B17D-4F71-A650-39B9A13697C9}.Debug|x64.ActiveCfg = Debug|Any CPU
		{C920AD0A-B17D-4F71-A650-39B9A13697C9}.Debug|x64.Build.0 = Debug|Any CPU
		{C920AD0A-B17D-4F71-A650-39B9A13697C9}.Debug|x86.ActiveCfg = Debug|Any CPU
		{C920AD0A-B17D-4F71-A650-39B9A13697C9}.Debug|x86.Build.0 = Debug|Any CPU
		{C920AD0A-B17D-4F71-A650-39B9A13697C9}.Release|Any CPU.ActiveCfg = Release|Any CPU
		{C920AD0A-B17D-4F71-A650-39B9A13697C9}.Release|Any CPU.Build.0 = Release|Any CPU
		{C920AD0A-B17D-4F71-A650-39B9A13697C9}.Release|x64.ActiveCfg = Release|Any CPU
		{C920AD0A-B17D-4F71-A650-39B9A13697C9}.Release|x64.Build.0 = Release|Any CPU
		{C920AD0A-B17D-4F71-A650-39B9A13697C9}.Release|x86.ActiveCfg = Release|Any CPU
		{C920AD0A-B17D-4F71-A650-39B9A13697C9}.Release|x86.Build.0 = Release|Any CPU
	EndGlobalSection
EndGlobal
